
Microsoft Visual Studio Solution File, Format Version 12.00
# Visual Studio 2013
VisualStudioVersion = 12.0.31101.0
MinimumVisualStudioVersion = 10.0.40219.1
Project("{8BC9CEB8-8B4A-11D0-8D11-00A0C91BC942}") = "xEzUtil", "Common\xEzUtil\xEzUtil.vcxproj", "{2EAC68EE-236E-421D-BAF5-6CE8C65447B9}"
EndProject
Project("{8BC9CEB8-8B4A-11D0-8D11-00A0C91BC942}") = "CoreService", "Common\CoreService\CoreService.vcxproj", "{57431806-C4CE-4DE5-BEEB-1482EF1AFDCD}"
EndProject
Project("{8BC9CEB8-8B4A-11D0-8D11-00A0C91BC942}") = "ServerKernel", "Common\ServerKernel\ServerKernel.vcxproj", "{034213BF-AF42-4A40-98F1-659BFEBDB7D0}"
EndProject
Project("{8BC9CEB8-8B4A-11D0-8D11-00A0C91BC942}") = "GameBase", "Server\GameBase\GameBase.vcxproj", "{95370DB4-38B6-48F1-B4A8-2527DFE3B643}"
EndProject
Project("{8BC9CEB8-8B4A-11D0-8D11-00A0C91BC942}") = "GateServer", "Server\GateServer\GateServer.vcxproj", "{E5FD9B74-C490-4A75-A57F-34A3E639999A}"
EndProject
Project("{8BC9CEB8-8B4A-11D0-8D11-00A0C91BC942}") = "DBServer", "Server\DBServer\DBServer.vcxproj", "{9314D829-2430-4630-BBD6-9C4979EBEF97}"
EndProject
Project("{8BC9CEB8-8B4A-11D0-8D11-00A0C91BC942}") = "MainServer", "Server\MainServer\MainServer.vcxproj", "{945CE534-FE3C-4849-B90E-359B753539E9}"
EndProject
Project("{8BC9CEB8-8B4A-11D0-8D11-00A0C91BC942}") = "WorldServer", "Server\WorldServer\WorldServer.vcxproj", "{1512E25C-125B-4009-804D-89BF19F752B5}"
EndProject
Project("{8BC9CEB8-8B4A-11D0-8D11-00A0C91BC942}") = "GameSvrMgr", "Server\GameSvrMgr\GameSvrMgr.vcxproj", "{96B677B9-F811-467C-BE1E-E1C18E3504F0}"
EndProject
Global
	GlobalSection(SolutionConfigurationPlatforms) = preSolution
		Debug|Win32 = Debug|Win32
		Release|Win32 = Release|Win32
	EndGlobalSection
	GlobalSection(ProjectConfigurationPlatforms) = postSolution
		{2EAC68EE-236E-421D-BAF5-6CE8C65447B9}.Debug|Win32.ActiveCfg = Debug|Win32
		{2EAC68EE-236E-421D-BAF5-6CE8C65447B9}.Debug|Win32.Build.0 = Debug|Win32
		{2EAC68EE-236E-421D-BAF5-6CE8C65447B9}.Release|Win32.ActiveCfg = Release|Win32
		{2EAC68EE-236E-421D-BAF5-6CE8C65447B9}.Release|Win32.Build.0 = Release|Win32
		{57431806-C4CE-4DE5-BEEB-1482EF1AFDCD}.Debug|Win32.ActiveCfg = Debug|Win32
		{57431806-C4CE-4DE5-BEEB-1482EF1AFDCD}.Debug|Win32.Build.0 = Debug|Win32
		{57431806-C4CE-4DE5-BEEB-1482EF1AFDCD}.Release|Win32.ActiveCfg = Release|Win32
		{57431806-C4CE-4DE5-BEEB-1482EF1AFDCD}.Release|Win32.Build.0 = Release|Win32
		{034213BF-AF42-4A40-98F1-659BFEBDB7D0}.Debug|Win32.ActiveCfg = Debug|Win32
		{034213BF-AF42-4A40-98F1-659BFEBDB7D0}.Debug|Win32.Build.0 = Debug|Win32
		{034213BF-AF42-4A40-98F1-659BFEBDB7D0}.Release|Win32.ActiveCfg = Release|Win32
		{034213BF-AF42-4A40-98F1-659BFEBDB7D0}.Release|Win32.Build.0 = Release|Win32
		{95370DB4-38B6-48F1-B4A8-2527DFE3B643}.Debug|Win32.ActiveCfg = Debug|Win32
		{95370DB4-38B6-48F1-B4A8-2527DFE3B643}.Debug|Win32.Build.0 = Debug|Win32
		{95370DB4-38B6-48F1-B4A8-2527DFE3B643}.Release|Win32.ActiveCfg = Release|Win32
		{95370DB4-38B6-48F1-B4A8-2527DFE3B643}.Release|Win32.Build.0 = Release|Win32
		{E5FD9B74-C490-4A75-A57F-34A3E639999A}.Debug|Win32.ActiveCfg = Debug|Win32
		{E5FD9B74-C490-4A75-A57F-34A3E639999A}.Debug|Win32.Build.0 = Debug|Win32
		{E5FD9B74-C490-4A75-A57F-34A3E639999A}.Release|Win32.ActiveCfg = Release|Win32
		{E5FD9B74-C490-4A75-A57F-34A3E639999A}.Release|Win32.Build.0 = Release|Win32
		{9314D829-2430-4630-BBD6-9C4979EBEF97}.Debug|Win32.ActiveCfg = Debug|Win32
		{9314D829-2430-4630-BBD6-9C4979EBEF97}.Debug|Win32.Build.0 = Debug|Win32
		{9314D829-2430-4630-BBD6-9C4979EBEF97}.Release|Win32.ActiveCfg = Release|Win32
		{9314D829-2430-4630-BBD6-9C4979EBEF97}.Release|Win32.Build.0 = Release|Win32
		{945CE534-FE3C-4849-B90E-359B753539E9}.Debug|Win32.ActiveCfg = Debug|Win32
		{945CE534-FE3C-4849-B90E-359B753539E9}.Debug|Win32.Build.0 = Debug|Win32
		{945CE534-FE3C-4849-B90E-359B753539E9}.Release|Win32.ActiveCfg = Release|Win32
		{945CE534-FE3C-4849-B90E-359B753539E9}.Release|Win32.Build.0 = Release|Win32
		{1512E25C-125B-4009-804D-89BF19F752B5}.Debug|Win32.ActiveCfg = Debug|Win32
		{1512E25C-125B-4009-804D-89BF19F752B5}.Debug|Win32.Build.0 = Debug|Win32
		{1512E25C-125B-4009-804D-89BF19F752B5}.Release|Win32.ActiveCfg = Release|Win32
		{1512E25C-125B-4009-804D-89BF19F752B5}.Release|Win32.Build.0 = Release|Win32
		{96B677B9-F811-467C-BE1E-E1C18E3504F0}.Debug|Win32.ActiveCfg = Debug|Win32
		{96B677B9-F811-467C-BE1E-E1C18E3504F0}.Debug|Win32.Build.0 = Debug|Win32
		{96B677B9-F811-467C-BE1E-E1C18E3504F0}.Release|Win32.ActiveCfg = Release|Win32
		{96B677B9-F811-467C-BE1E-E1C18E3504F0}.Release|Win32.Build.0 = Release|Win32
	EndGlobalSection
	GlobalSection(SolutionProperties) = preSolution
		HideSolutionNode = FALSE
	EndGlobalSection
EndGlobal
