
Microsoft Visual Studio Solution File, Format Version 12.00
# Visual Studio 2013
VisualStudioVersion = 12.0.31101.0
MinimumVisualStudioVersion = 10.0.40219.1
Project("{8BC9CEB8-8B4A-11D0-8D11-00A0C91BC942}") = "TestXEzUtil", "Test\TestXEzUtil\TestXEzUtil.vcxproj", "{CC28A991-B158-4CEA-8F8F-845E6A302FA6}"
EndProject
Project("{8BC9CEB8-8B4A-11D0-8D11-00A0C91BC942}") = "xEzUtil", "Common\xEzUtil\xEzUtil.vcxproj", "{2EAC68EE-236E-421D-BAF5-6CE8C65447B9}"
EndProject
Project("{8BC9CEB8-8B4A-11D0-8D11-00A0C91BC942}") = "TestService", "Test\TestService\TestService.vcxproj", "{3288B2F1-4F75-4FCE-800E-33A52A4F258D}"
EndProject
Project("{8BC9CEB8-8B4A-11D0-8D11-00A0C91BC942}") = "TestClient", "Test\TestClient\TestClient.vcxproj", "{F29C3104-0317-47ED-84A1-DB4850FB636C}"
EndProject
Project("{8BC9CEB8-8B4A-11D0-8D11-00A0C91BC942}") = "CoreService", "Common\CoreService\CoreService.vcxproj", "{57431806-C4CE-4DE5-BEEB-1482EF1AFDCD}"
EndProject
Project("{8BC9CEB8-8B4A-11D0-8D11-00A0C91BC942}") = "ConsoleTest", "Test\ConsoleTest\ConsoleTest.vcxproj", "{BB6F5B0A-8A6F-478D-A8C9-AEA93F0A920E}"
EndProject
Project("{8BC9CEB8-8B4A-11D0-8D11-00A0C91BC942}") = "EchoServer", "Test\EchoServer\EchoServer.vcxproj", "{C5650EA0-9D71-47A9-98CE-06F880D0BF54}"
EndProject
Project("{8BC9CEB8-8B4A-11D0-8D11-00A0C91BC942}") = "ServerKernel", "Common\ServerKernel\ServerKernel.vcxproj", "{034213BF-AF42-4A40-98F1-659BFEBDB7D0}"
EndProject
Project("{5697748A-77EF-44CA-8824-4F5637E5945B}") = "EchoClient", "Test\EchoClient\EchoClient.luaproj", "{E439935D-B2A2-46AE-856D-2AA408428F33}"
EndProject
Project("{8BC9CEB8-8B4A-11D0-8D11-00A0C91BC942}") = "TestClientSocket", "Test\TestClientSocket\TestClientSocket.vcxproj", "{EDE27279-7AEF-42C6-8724-144189A0829A}"
EndProject
Project("{8BC9CEB8-8B4A-11D0-8D11-00A0C91BC942}") = "TimerTest", "Test\TimerTest\TimerTest.vcxproj", "{32F0FEE4-091D-488C-9B25-DD4CE3D18CD5}"
EndProject
Global
	GlobalSection(SolutionConfigurationPlatforms) = preSolution
		Debug|Any CPU = Debug|Any CPU
		Debug|Mixed Platforms = Debug|Mixed Platforms
		Debug|Win32 = Debug|Win32
		Release|Any CPU = Release|Any CPU
		Release|Mixed Platforms = Release|Mixed Platforms
		Release|Win32 = Release|Win32
	EndGlobalSection
	GlobalSection(ProjectConfigurationPlatforms) = postSolution
		{CC28A991-B158-4CEA-8F8F-845E6A302FA6}.Debug|Any CPU.ActiveCfg = Debug|Win32
		{CC28A991-B158-4CEA-8F8F-845E6A302FA6}.Debug|Mixed Platforms.ActiveCfg = Debug|Win32
		{CC28A991-B158-4CEA-8F8F-845E6A302FA6}.Debug|Mixed Platforms.Build.0 = Debug|Win32
		{CC28A991-B158-4CEA-8F8F-845E6A302FA6}.Debug|Win32.ActiveCfg = Debug|Win32
		{CC28A991-B158-4CEA-8F8F-845E6A302FA6}.Debug|Win32.Build.0 = Debug|Win32
		{CC28A991-B158-4CEA-8F8F-845E6A302FA6}.Release|Any CPU.ActiveCfg = Release|Win32
		{CC28A991-B158-4CEA-8F8F-845E6A302FA6}.Release|Mixed Platforms.ActiveCfg = Release|Win32
		{CC28A991-B158-4CEA-8F8F-845E6A302FA6}.Release|Mixed Platforms.Build.0 = Release|Win32
		{CC28A991-B158-4CEA-8F8F-845E6A302FA6}.Release|Win32.ActiveCfg = Release|Win32
		{CC28A991-B158-4CEA-8F8F-845E6A302FA6}.Release|Win32.Build.0 = Release|Win32
		{2EAC68EE-236E-421D-BAF5-6CE8C65447B9}.Debug|Any CPU.ActiveCfg = Debug|Win32
		{2EAC68EE-236E-421D-BAF5-6CE8C65447B9}.Debug|Mixed Platforms.ActiveCfg = Debug|Win32
		{2EAC68EE-236E-421D-BAF5-6CE8C65447B9}.Debug|Mixed Platforms.Build.0 = Debug|Win32
		{2EAC68EE-236E-421D-BAF5-6CE8C65447B9}.Debug|Win32.ActiveCfg = Debug|Win32
		{2EAC68EE-236E-421D-BAF5-6CE8C65447B9}.Debug|Win32.Build.0 = Debug|Win32
		{2EAC68EE-236E-421D-BAF5-6CE8C65447B9}.Release|Any CPU.ActiveCfg = Release|Win32
		{2EAC68EE-236E-421D-BAF5-6CE8C65447B9}.Release|Mixed Platforms.ActiveCfg = Release|Win32
		{2EAC68EE-236E-421D-BAF5-6CE8C65447B9}.Release|Mixed Platforms.Build.0 = Release|Win32
		{2EAC68EE-236E-421D-BAF5-6CE8C65447B9}.Release|Win32.ActiveCfg = Release|Win32
		{2EAC68EE-236E-421D-BAF5-6CE8C65447B9}.Release|Win32.Build.0 = Release|Win32
		{3288B2F1-4F75-4FCE-800E-33A52A4F258D}.Debug|Any CPU.ActiveCfg = Debug|Win32
		{3288B2F1-4F75-4FCE-800E-33A52A4F258D}.Debug|Mixed Platforms.ActiveCfg = Debug|Win32
		{3288B2F1-4F75-4FCE-800E-33A52A4F258D}.Debug|Mixed Platforms.Build.0 = Debug|Win32
		{3288B2F1-4F75-4FCE-800E-33A52A4F258D}.Debug|Win32.ActiveCfg = Debug|Win32
		{3288B2F1-4F75-4FCE-800E-33A52A4F258D}.Debug|Win32.Build.0 = Debug|Win32
		{3288B2F1-4F75-4FCE-800E-33A52A4F258D}.Release|Any CPU.ActiveCfg = Release|Win32
		{3288B2F1-4F75-4FCE-800E-33A52A4F258D}.Release|Mixed Platforms.ActiveCfg = Release|Win32
		{3288B2F1-4F75-4FCE-800E-33A52A4F258D}.Release|Mixed Platforms.Build.0 = Release|Win32
		{3288B2F1-4F75-4FCE-800E-33A52A4F258D}.Release|Win32.ActiveCfg = Release|Win32
		{3288B2F1-4F75-4FCE-800E-33A52A4F258D}.Release|Win32.Build.0 = Release|Win32
		{F29C3104-0317-47ED-84A1-DB4850FB636C}.Debug|Any CPU.ActiveCfg = Debug|Win32
		{F29C3104-0317-47ED-84A1-DB4850FB636C}.Debug|Mixed Platforms.ActiveCfg = Debug|Win32
		{F29C3104-0317-47ED-84A1-DB4850FB636C}.Debug|Mixed Platforms.Build.0 = Debug|Win32
		{F29C3104-0317-47ED-84A1-DB4850FB636C}.Debug|Win32.ActiveCfg = Debug|Win32
		{F29C3104-0317-47ED-84A1-DB4850FB636C}.Debug|Win32.Build.0 = Debug|Win32
		{F29C3104-0317-47ED-84A1-DB4850FB636C}.Release|Any CPU.ActiveCfg = Release|Win32
		{F29C3104-0317-47ED-84A1-DB4850FB636C}.Release|Mixed Platforms.ActiveCfg = Release|Win32
		{F29C3104-0317-47ED-84A1-DB4850FB636C}.Release|Mixed Platforms.Build.0 = Release|Win32
		{F29C3104-0317-47ED-84A1-DB4850FB636C}.Release|Win32.ActiveCfg = Release|Win32
		{F29C3104-0317-47ED-84A1-DB4850FB636C}.Release|Win32.Build.0 = Release|Win32
		{57431806-C4CE-4DE5-BEEB-1482EF1AFDCD}.Debug|Any CPU.ActiveCfg = Debug|Win32
		{57431806-C4CE-4DE5-BEEB-1482EF1AFDCD}.Debug|Mixed Platforms.ActiveCfg = Debug|Win32
		{57431806-C4CE-4DE5-BEEB-1482EF1AFDCD}.Debug|Mixed Platforms.Build.0 = Debug|Win32
		{57431806-C4CE-4DE5-BEEB-1482EF1AFDCD}.Debug|Win32.ActiveCfg = Debug|Win32
		{57431806-C4CE-4DE5-BEEB-1482EF1AFDCD}.Debug|Win32.Build.0 = Debug|Win32
		{57431806-C4CE-4DE5-BEEB-1482EF1AFDCD}.Release|Any CPU.ActiveCfg = Release|Win32
		{57431806-C4CE-4DE5-BEEB-1482EF1AFDCD}.Release|Mixed Platforms.ActiveCfg = Release|Win32
		{57431806-C4CE-4DE5-BEEB-1482EF1AFDCD}.Release|Mixed Platforms.Build.0 = Release|Win32
		{57431806-C4CE-4DE5-BEEB-1482EF1AFDCD}.Release|Win32.ActiveCfg = Release|Win32
		{57431806-C4CE-4DE5-BEEB-1482EF1AFDCD}.Release|Win32.Build.0 = Release|Win32
		{BB6F5B0A-8A6F-478D-A8C9-AEA93F0A920E}.Debug|Any CPU.ActiveCfg = Debug|Win32
		{BB6F5B0A-8A6F-478D-A8C9-AEA93F0A920E}.Debug|Mixed Platforms.ActiveCfg = Debug|Win32
		{BB6F5B0A-8A6F-478D-A8C9-AEA93F0A920E}.Debug|Mixed Platforms.Build.0 = Debug|Win32
		{BB6F5B0A-8A6F-478D-A8C9-AEA93F0A920E}.Debug|Win32.ActiveCfg = Debug|Win32
		{BB6F5B0A-8A6F-478D-A8C9-AEA93F0A920E}.Debug|Win32.Build.0 = Debug|Win32
		{BB6F5B0A-8A6F-478D-A8C9-AEA93F0A920E}.Release|Any CPU.ActiveCfg = Release|Win32
		{BB6F5B0A-8A6F-478D-A8C9-AEA93F0A920E}.Release|Mixed Platforms.ActiveCfg = Release|Win32
		{BB6F5B0A-8A6F-478D-A8C9-AEA93F0A920E}.Release|Mixed Platforms.Build.0 = Release|Win32
		{BB6F5B0A-8A6F-478D-A8C9-AEA93F0A920E}.Release|Win32.ActiveCfg = Release|Win32
		{BB6F5B0A-8A6F-478D-A8C9-AEA93F0A920E}.Release|Win32.Build.0 = Release|Win32
		{C5650EA0-9D71-47A9-98CE-06F880D0BF54}.Debug|Any CPU.ActiveCfg = Debug|Win32
		{C5650EA0-9D71-47A9-98CE-06F880D0BF54}.Debug|Mixed Platforms.ActiveCfg = Debug|Win32
		{C5650EA0-9D71-47A9-98CE-06F880D0BF54}.Debug|Mixed Platforms.Build.0 = Debug|Win32
		{C5650EA0-9D71-47A9-98CE-06F880D0BF54}.Debug|Win32.ActiveCfg = Debug|Win32
		{C5650EA0-9D71-47A9-98CE-06F880D0BF54}.Debug|Win32.Build.0 = Debug|Win32
		{C5650EA0-9D71-47A9-98CE-06F880D0BF54}.Release|Any CPU.ActiveCfg = Release|Win32
		{C5650EA0-9D71-47A9-98CE-06F880D0BF54}.Release|Mixed Platforms.ActiveCfg = Release|Win32
		{C5650EA0-9D71-47A9-98CE-06F880D0BF54}.Release|Mixed Platforms.Build.0 = Release|Win32
		{C5650EA0-9D71-47A9-98CE-06F880D0BF54}.Release|Win32.ActiveCfg = Release|Win32
		{C5650EA0-9D71-47A9-98CE-06F880D0BF54}.Release|Win32.Build.0 = Release|Win32
		{034213BF-AF42-4A40-98F1-659BFEBDB7D0}.Debug|Any CPU.ActiveCfg = Debug|Win32
		{034213BF-AF42-4A40-98F1-659BFEBDB7D0}.Debug|Mixed Platforms.ActiveCfg = Debug|Win32
		{034213BF-AF42-4A40-98F1-659BFEBDB7D0}.Debug|Mixed Platforms.Build.0 = Debug|Win32
		{034213BF-AF42-4A40-98F1-659BFEBDB7D0}.Debug|Win32.ActiveCfg = Debug|Win32
		{034213BF-AF42-4A40-98F1-659BFEBDB7D0}.Debug|Win32.Build.0 = Debug|Win32
		{034213BF-AF42-4A40-98F1-659BFEBDB7D0}.Release|Any CPU.ActiveCfg = Release|Win32
		{034213BF-AF42-4A40-98F1-659BFEBDB7D0}.Release|Mixed Platforms.ActiveCfg = Release|Win32
		{034213BF-AF42-4A40-98F1-659BFEBDB7D0}.Release|Mixed Platforms.Build.0 = Release|Win32
		{034213BF-AF42-4A40-98F1-659BFEBDB7D0}.Release|Win32.ActiveCfg = Release|Win32
		{034213BF-AF42-4A40-98F1-659BFEBDB7D0}.Release|Win32.Build.0 = Release|Win32
		{E439935D-B2A2-46AE-856D-2AA408428F33}.Debug|Any CPU.ActiveCfg = Debug|Any CPU
		{E439935D-B2A2-46AE-856D-2AA408428F33}.Debug|Any CPU.Build.0 = Debug|Any CPU
		{E439935D-B2A2-46AE-856D-2AA408428F33}.Debug|Mixed Platforms.ActiveCfg = Debug|Any CPU
		{E439935D-B2A2-46AE-856D-2AA408428F33}.Debug|Mixed Platforms.Build.0 = Debug|Any CPU
		{E439935D-B2A2-46AE-856D-2AA408428F33}.Debug|Win32.ActiveCfg = Debug|Any CPU
		{E439935D-B2A2-46AE-856D-2AA408428F33}.Release|Any CPU.ActiveCfg = Release|Any CPU
		{E439935D-B2A2-46AE-856D-2AA408428F33}.Release|Any CPU.Build.0 = Release|Any CPU
		{E439935D-B2A2-46AE-856D-2AA408428F33}.Release|Mixed Platforms.ActiveCfg = Release|Any CPU
		{E439935D-B2A2-46AE-856D-2AA408428F33}.Release|Mixed Platforms.Build.0 = Release|Any CPU
		{E439935D-B2A2-46AE-856D-2AA408428F33}.Release|Win32.ActiveCfg = Release|Any CPU
		{EDE27279-7AEF-42C6-8724-144189A0829A}.Debug|Any CPU.ActiveCfg = Debug|Win32
		{EDE27279-7AEF-42C6-8724-144189A0829A}.Debug|Mixed Platforms.ActiveCfg = Debug|Win32
		{EDE27279-7AEF-42C6-8724-144189A0829A}.Debug|Mixed Platforms.Build.0 = Debug|Win32
		{EDE27279-7AEF-42C6-8724-144189A0829A}.Debug|Win32.ActiveCfg = Debug|Win32
		{EDE27279-7AEF-42C6-8724-144189A0829A}.Debug|Win32.Build.0 = Debug|Win32
		{EDE27279-7AEF-42C6-8724-144189A0829A}.Release|Any CPU.ActiveCfg = Release|Win32
		{EDE27279-7AEF-42C6-8724-144189A0829A}.Release|Mixed Platforms.ActiveCfg = Release|Win32
		{EDE27279-7AEF-42C6-8724-144189A0829A}.Release|Mixed Platforms.Build.0 = Release|Win32
		{EDE27279-7AEF-42C6-8724-144189A0829A}.Release|Win32.ActiveCfg = Release|Win32
		{EDE27279-7AEF-42C6-8724-144189A0829A}.Release|Win32.Build.0 = Release|Win32
		{32F0FEE4-091D-488C-9B25-DD4CE3D18CD5}.Debug|Any CPU.ActiveCfg = Debug|Win32
		{32F0FEE4-091D-488C-9B25-DD4CE3D18CD5}.Debug|Mixed Platforms.ActiveCfg = Debug|Win32
		{32F0FEE4-091D-488C-9B25-DD4CE3D18CD5}.Debug|Mixed Platforms.Build.0 = Debug|Win32
		{32F0FEE4-091D-488C-9B25-DD4CE3D18CD5}.Debug|Win32.ActiveCfg = Debug|Win32
		{32F0FEE4-091D-488C-9B25-DD4CE3D18CD5}.Debug|Win32.Build.0 = Debug|Win32
		{32F0FEE4-091D-488C-9B25-DD4CE3D18CD5}.Release|Any CPU.ActiveCfg = Release|Win32
		{32F0FEE4-091D-488C-9B25-DD4CE3D18CD5}.Release|Mixed Platforms.ActiveCfg = Release|Win32
		{32F0FEE4-091D-488C-9B25-DD4CE3D18CD5}.Release|Mixed Platforms.Build.0 = Release|Win32
		{32F0FEE4-091D-488C-9B25-DD4CE3D18CD5}.Release|Win32.ActiveCfg = Release|Win32
		{32F0FEE4-091D-488C-9B25-DD4CE3D18CD5}.Release|Win32.Build.0 = Release|Win32
	EndGlobalSection
	GlobalSection(SolutionProperties) = preSolution
		HideSolutionNode = FALSE
	EndGlobalSection
EndGlobal
